
Microsoft Visual Studio Solution File, Format Version 12.00
Project("{2150E333-8FDC-42A3-9474-1A3956D46DE8}") = "Solution items", "Solution items", "{A18DF6C1-C571-477D-8BD0-0DB870BB5862}"
	ProjectSection(SolutionItems) = preProject
		..\..\..\aspnetcore-microservices\Solution Items\global.json = ..\..\..\aspnetcore-microservices\Solution Items\global.json
		..\..\..\aspnetcore-microservices\Solution Items\README.md = ..\..\..\aspnetcore-microservices\Solution Items\README.md
		src\docker-compose.yml = src\docker-compose.yml
		src\docker-compose.override.yml = src\docker-compose.override.yml
	EndProjectSection
EndProject
Project("{2150E333-8FDC-42A3-9474-1A3956D46DE8}") = "src", "src", "{2E949CF2-7B6D-4C12-8625-D99DFD115118}"
EndProject
Project("{2150E333-8FDC-42A3-9474-1A3956D46DE8}") = "tests", "tests", "{DBBC9F24-CE0C-4439-8CA9-724BD7BBA913}"
EndProject
Project("{2150E333-8FDC-42A3-9474-1A3956D46DE8}") = "ApiGateways", "ApiGateways", "{E58D2EEC-1C3C-44D7-838E-F967569D5E1A}"
EndProject
Project("{2150E333-8FDC-42A3-9474-1A3956D46DE8}") = "BuildingBlocks", "BuildingBlocks", "{8AA5F545-18B1-4338-88CD-72848D132E2B}"
EndProject
Project("{2150E333-8FDC-42A3-9474-1A3956D46DE8}") = "Services", "Services", "{484868D3-6FAC-4FF4-9BE3-240E1038FF10}"
EndProject
Project("{2150E333-8FDC-42A3-9474-1A3956D46DE8}") = "WebApps", "WebApps", "{11444E0C-712D-49A4-BC15-F0D9DC2C71D7}"
EndProject
Project("{2150E333-8FDC-42A3-9474-1A3956D46DE8}") = "Product", "Product", "{45C9F6CD-434B-40FD-953F-88C4FA140015}"
EndProject
Project("{2150E333-8FDC-42A3-9474-1A3956D46DE8}") = "Customer", "Customer", "{B47DD94F-0246-40F0-A3C8-4B7862DB0094}"
EndProject
Project("{2150E333-8FDC-42A3-9474-1A3956D46DE8}") = "Basket", "Basket", "{1643C9E1-8DC8-4889-8D42-8C185711EEB9}"
EndProject
Project("{2150E333-8FDC-42A3-9474-1A3956D46DE8}") = "Ordering", "Ordering", "{36331C0B-7E25-4665-AAAC-00505633F169}"
EndProject
Project("{2150E333-8FDC-42A3-9474-1A3956D46DE8}") = "Inventory", "Inventory", "{CA0001A0-6F76-4211-9E7D-CFFB21D0932D}"
EndProject
Project("{2150E333-8FDC-42A3-9474-1A3956D46DE8}") = "ScheduledJob", "ScheduledJob", "{F19D0FEA-4292-4FB3-96A0-F5BDE878ED04}"
EndProject
Project("{FAE04EC0-301F-11D3-BF4B-00C04F79EFBC}") = "WebHealthStatus", "src\WebApps\WebHealthStatus\WebHealthStatus.csproj", "{3B3AFEAD-E190-403B-AD51-EC2F31B87446}"
EndProject
Project("{FAE04EC0-301F-11D3-BF4B-00C04F79EFBC}") = "Common.Logging", "src\BuildingBlocks\Common.Logging\Common.Logging.csproj", "{B41B0BD0-3C2F-47CE-8D3E-8AC564CC5AB7}"
EndProject
Project("{FAE04EC0-301F-11D3-BF4B-00C04F79EFBC}") = "EventBus.Messages", "src\BuildingBlocks\EventBus.Messages\EventBus.Messages.csproj", "{0C34AF37-C1E1-4140-891B-48D32C2AD49C}"
EndProject
Project("{FAE04EC0-301F-11D3-BF4B-00C04F79EFBC}") = "Infrastructure", "src\BuildingBlocks\Infrastructure\Infrastructure.csproj", "{E904A3D5-D3F6-4FB1-B7C2-CCA24AA0A371}"
EndProject
Project("{FAE04EC0-301F-11D3-BF4B-00C04F79EFBC}") = "Shared", "src\BuildingBlocks\Shared\Shared.csproj", "{783B64FA-0149-4612-BCCF-0171480BC655}"
EndProject
Project("{FAE04EC0-301F-11D3-BF4B-00C04F79EFBC}") = "Contracts", "src\BuildingBlocks\Contracts\Contracts.csproj", "{BAC0DD5C-B888-4108-AFD3-40FA6F684853}"
EndProject
Project("{FAE04EC0-301F-11D3-BF4B-00C04F79EFBC}") = "OcelotApiGW", "src\ApiGateways\OcelotApiGW\OcelotApiGW.csproj", "{E9C62156-4A0A-480A-9B73-3108842854C1}"
EndProject
Project("{FAE04EC0-301F-11D3-BF4B-00C04F79EFBC}") = "Product.API", "src\Services\Product\Product.API\Product.API.csproj", "{BCF1CE99-1EEE-4C56-8D88-DDD776BDA79A}"
EndProject
Project("{FAE04EC0-301F-11D3-BF4B-00C04F79EFBC}") = "Hangfire.API", "src\Services\ScheduledJob\Hangfire.API\Hangfire.API.csproj", "{3B021B85-7868-4939-892A-1AB0545CA43F}"
EndProject
Project("{FAE04EC0-301F-11D3-BF4B-00C04F79EFBC}") = "Ordering.API", "src\Services\Ordering\Ordering.API\Ordering.API.csproj", "{8EC50076-4451-4EBB-A00D-418B29630364}"
EndProject
Project("{FAE04EC0-301F-11D3-BF4B-00C04F79EFBC}") = "Inventory.API", "src\Services\Inventory\Inventory.API\Inventory.API.csproj", "{50FB1471-71CC-418F-AB69-23469CCB70D4}"
EndProject
Project("{FAE04EC0-301F-11D3-BF4B-00C04F79EFBC}") = "Customer.API", "src\Services\Customer\Customer.API\Customer.API.csproj", "{9499758A-A8FF-4938-89A3-3063A36A65C7}"
EndProject
Project("{FAE04EC0-301F-11D3-BF4B-00C04F79EFBC}") = "Basket.API", "src\Services\Basket\Basket.API\Basket.API.csproj", "{1527BA34-E1BC-4897-B480-831E15E7DF2B}"
EndProject
Global
	GlobalSection(SolutionConfigurationPlatforms) = preSolution
		Debug|Any CPU = Debug|Any CPU
		Release|Any CPU = Release|Any CPU
	EndGlobalSection
	GlobalSection(NestedProjects) = preSolution
		{E58D2EEC-1C3C-44D7-838E-F967569D5E1A} = {2E949CF2-7B6D-4C12-8625-D99DFD115118}
		{8AA5F545-18B1-4338-88CD-72848D132E2B} = {2E949CF2-7B6D-4C12-8625-D99DFD115118}
		{484868D3-6FAC-4FF4-9BE3-240E1038FF10} = {2E949CF2-7B6D-4C12-8625-D99DFD115118}
		{11444E0C-712D-49A4-BC15-F0D9DC2C71D7} = {2E949CF2-7B6D-4C12-8625-D99DFD115118}
		{45C9F6CD-434B-40FD-953F-88C4FA140015} = {484868D3-6FAC-4FF4-9BE3-240E1038FF10}
		{B47DD94F-0246-40F0-A3C8-4B7862DB0094} = {484868D3-6FAC-4FF4-9BE3-240E1038FF10}
		{1643C9E1-8DC8-4889-8D42-8C185711EEB9} = {484868D3-6FAC-4FF4-9BE3-240E1038FF10}
		{36331C0B-7E25-4665-AAAC-00505633F169} = {484868D3-6FAC-4FF4-9BE3-240E1038FF10}
		{CA0001A0-6F76-4211-9E7D-CFFB21D0932D} = {484868D3-6FAC-4FF4-9BE3-240E1038FF10}
		{F19D0FEA-4292-4FB3-96A0-F5BDE878ED04} = {484868D3-6FAC-4FF4-9BE3-240E1038FF10}
		{3B3AFEAD-E190-403B-AD51-EC2F31B87446} = {11444E0C-712D-49A4-BC15-F0D9DC2C71D7}
		{B41B0BD0-3C2F-47CE-8D3E-8AC564CC5AB7} = {8AA5F545-18B1-4338-88CD-72848D132E2B}
		{0C34AF37-C1E1-4140-891B-48D32C2AD49C} = {8AA5F545-18B1-4338-88CD-72848D132E2B}
		{E904A3D5-D3F6-4FB1-B7C2-CCA24AA0A371} = {8AA5F545-18B1-4338-88CD-72848D132E2B}
		{783B64FA-0149-4612-BCCF-0171480BC655} = {8AA5F545-18B1-4338-88CD-72848D132E2B}
		{BAC0DD5C-B888-4108-AFD3-40FA6F684853} = {8AA5F545-18B1-4338-88CD-72848D132E2B}
		{E9C62156-4A0A-480A-9B73-3108842854C1} = {E58D2EEC-1C3C-44D7-838E-F967569D5E1A}
		{BCF1CE99-1EEE-4C56-8D88-DDD776BDA79A} = {45C9F6CD-434B-40FD-953F-88C4FA140015}
		{3B021B85-7868-4939-892A-1AB0545CA43F} = {F19D0FEA-4292-4FB3-96A0-F5BDE878ED04}
		{8EC50076-4451-4EBB-A00D-418B29630364} = {36331C0B-7E25-4665-AAAC-00505633F169}
		{50FB1471-71CC-418F-AB69-23469CCB70D4} = {CA0001A0-6F76-4211-9E7D-CFFB21D0932D}
		{9499758A-A8FF-4938-89A3-3063A36A65C7} = {B47DD94F-0246-40F0-A3C8-4B7862DB0094}
		{1527BA34-E1BC-4897-B480-831E15E7DF2B} = {1643C9E1-8DC8-4889-8D42-8C185711EEB9}
	EndGlobalSection
	GlobalSection(ProjectConfigurationPlatforms) = postSolution
		{3B3AFEAD-E190-403B-AD51-EC2F31B87446}.Debug|Any CPU.ActiveCfg = Debug|Any CPU
		{3B3AFEAD-E190-403B-AD51-EC2F31B87446}.Debug|Any CPU.Build.0 = Debug|Any CPU
		{3B3AFEAD-E190-403B-AD51-EC2F31B87446}.Release|Any CPU.ActiveCfg = Release|Any CPU
		{3B3AFEAD-E190-403B-AD51-EC2F31B87446}.Release|Any CPU.Build.0 = Release|Any CPU
		{B41B0BD0-3C2F-47CE-8D3E-8AC564CC5AB7}.Debug|Any CPU.ActiveCfg = Debug|Any CPU
		{B41B0BD0-3C2F-47CE-8D3E-8AC564CC5AB7}.Debug|Any CPU.Build.0 = Debug|Any CPU
		{B41B0BD0-3C2F-47CE-8D3E-8AC564CC5AB7}.Release|Any CPU.ActiveCfg = Release|Any CPU
		{B41B0BD0-3C2F-47CE-8D3E-8AC564CC5AB7}.Release|Any CPU.Build.0 = Release|Any CPU
		{0C34AF37-C1E1-4140-891B-48D32C2AD49C}.Debug|Any CPU.ActiveCfg = Debug|Any CPU
		{0C34AF37-C1E1-4140-891B-48D32C2AD49C}.Debug|Any CPU.Build.0 = Debug|Any CPU
		{0C34AF37-C1E1-4140-891B-48D32C2AD49C}.Release|Any CPU.ActiveCfg = Release|Any CPU
		{0C34AF37-C1E1-4140-891B-48D32C2AD49C}.Release|Any CPU.Build.0 = Release|Any CPU
		{E904A3D5-D3F6-4FB1-B7C2-CCA24AA0A371}.Debug|Any CPU.ActiveCfg = Debug|Any CPU
		{E904A3D5-D3F6-4FB1-B7C2-CCA24AA0A371}.Debug|Any CPU.Build.0 = Debug|Any CPU
		{E904A3D5-D3F6-4FB1-B7C2-CCA24AA0A371}.Release|Any CPU.ActiveCfg = Release|Any CPU
		{E904A3D5-D3F6-4FB1-B7C2-CCA24AA0A371}.Release|Any CPU.Build.0 = Release|Any CPU
		{783B64FA-0149-4612-BCCF-0171480BC655}.Debug|Any CPU.ActiveCfg = Debug|Any CPU
		{783B64FA-0149-4612-BCCF-0171480BC655}.Debug|Any CPU.Build.0 = Debug|Any CPU
		{783B64FA-0149-4612-BCCF-0171480BC655}.Release|Any CPU.ActiveCfg = Release|Any CPU
		{783B64FA-0149-4612-BCCF-0171480BC655}.Release|Any CPU.Build.0 = Release|Any CPU
		{BAC0DD5C-B888-4108-AFD3-40FA6F684853}.Debug|Any CPU.ActiveCfg = Debug|Any CPU
		{BAC0DD5C-B888-4108-AFD3-40FA6F684853}.Debug|Any CPU.Build.0 = Debug|Any CPU
		{BAC0DD5C-B888-4108-AFD3-40FA6F684853}.Release|Any CPU.ActiveCfg = Release|Any CPU
		{BAC0DD5C-B888-4108-AFD3-40FA6F684853}.Release|Any CPU.Build.0 = Release|Any CPU
		{E9C62156-4A0A-480A-9B73-3108842854C1}.Debug|Any CPU.ActiveCfg = Debug|Any CPU
		{E9C62156-4A0A-480A-9B73-3108842854C1}.Debug|Any CPU.Build.0 = Debug|Any CPU
		{E9C62156-4A0A-480A-9B73-3108842854C1}.Release|Any CPU.ActiveCfg = Release|Any CPU
		{E9C62156-4A0A-480A-9B73-3108842854C1}.Release|Any CPU.Build.0 = Release|Any CPU
		{BCF1CE99-1EEE-4C56-8D88-DDD776BDA79A}.Debug|Any CPU.ActiveCfg = Debug|Any CPU
		{BCF1CE99-1EEE-4C56-8D88-DDD776BDA79A}.Debug|Any CPU.Build.0 = Debug|Any CPU
		{BCF1CE99-1EEE-4C56-8D88-DDD776BDA79A}.Release|Any CPU.ActiveCfg = Release|Any CPU
		{BCF1CE99-1EEE-4C56-8D88-DDD776BDA79A}.Release|Any CPU.Build.0 = Release|Any CPU
		{3B021B85-7868-4939-892A-1AB0545CA43F}.Debug|Any CPU.ActiveCfg = Debug|Any CPU
		{3B021B85-7868-4939-892A-1AB0545CA43F}.Debug|Any CPU.Build.0 = Debug|Any CPU
		{3B021B85-7868-4939-892A-1AB0545CA43F}.Release|Any CPU.ActiveCfg = Release|Any CPU
		{3B021B85-7868-4939-892A-1AB0545CA43F}.Release|Any CPU.Build.0 = Release|Any CPU
		{8EC50076-4451-4EBB-A00D-418B29630364}.Debug|Any CPU.ActiveCfg = Debug|Any CPU
		{8EC50076-4451-4EBB-A00D-418B29630364}.Debug|Any CPU.Build.0 = Debug|Any CPU
		{8EC50076-4451-4EBB-A00D-418B29630364}.Release|Any CPU.ActiveCfg = Release|Any CPU
		{8EC50076-4451-4EBB-A00D-418B29630364}.Release|Any CPU.Build.0 = Release|Any CPU
		{50FB1471-71CC-418F-AB69-23469CCB70D4}.Debug|Any CPU.ActiveCfg = Debug|Any CPU
		{50FB1471-71CC-418F-AB69-23469CCB70D4}.Debug|Any CPU.Build.0 = Debug|Any CPU
		{50FB1471-71CC-418F-AB69-23469CCB70D4}.Release|Any CPU.ActiveCfg = Release|Any CPU
		{50FB1471-71CC-418F-AB69-23469CCB70D4}.Release|Any CPU.Build.0 = Release|Any CPU
		{9499758A-A8FF-4938-89A3-3063A36A65C7}.Debug|Any CPU.ActiveCfg = Debug|Any CPU
		{9499758A-A8FF-4938-89A3-3063A36A65C7}.Debug|Any CPU.Build.0 = Debug|Any CPU
		{9499758A-A8FF-4938-89A3-3063A36A65C7}.Release|Any CPU.ActiveCfg = Release|Any CPU
		{9499758A-A8FF-4938-89A3-3063A36A65C7}.Release|Any CPU.Build.0 = Release|Any CPU
		{1527BA34-E1BC-4897-B480-831E15E7DF2B}.Debug|Any CPU.ActiveCfg = Debug|Any CPU
		{1527BA34-E1BC-4897-B480-831E15E7DF2B}.Debug|Any CPU.Build.0 = Debug|Any CPU
		{1527BA34-E1BC-4897-B480-831E15E7DF2B}.Release|Any CPU.ActiveCfg = Release|Any CPU
		{1527BA34-E1BC-4897-B480-831E15E7DF2B}.Release|Any CPU.Build.0 = Release|Any CPU
	EndGlobalSection
EndGlobal
